
Microsoft Visual Studio Solution File, Format Version 12.00
# Visual Studio Version 17
VisualStudioVersion = 17.2.32616.157
MinimumVisualStudioVersion = 10.0.40219.1
Project("{FAE04EC0-301F-11D3-BF4B-00C04F79EFBC}") = "ConsoleApp10", "ConsoleApp10\ConsoleApp10.csproj", "{E11FE431-2C4C-46B6-9419-1DF7FEC1AD7E}"
EndProject
Global
	GlobalSection(SolutionConfigurationPlatforms) = preSolution
		Debug|Any CPU = Debug|Any CPU
		Release|Any CPU = Release|Any CPU
	EndGlobalSection
	GlobalSection(ProjectConfigurationPlatforms) = postSolution
		{E11FE431-2C4C-46B6-9419-1DF7FEC1AD7E}.Debug|Any CPU.ActiveCfg = Debug|Any CPU
		{E11FE431-2C4C-46B6-9419-1DF7FEC1AD7E}.Debug|Any CPU.Build.0 = Debug|Any CPU
		{E11FE431-2C4C-46B6-9419-1DF7FEC1AD7E}.Release|Any CPU.ActiveCfg = Release|Any CPU
		{E11FE431-2C4C-46B6-9419-1DF7FEC1AD7E}.Release|Any CPU.Build.0 = Release|Any CPU
	EndGlobalSection
	GlobalSection(SolutionProperties) = preSolution
		HideSolutionNode = FALSE
	EndGlobalSection
	GlobalSection(ExtensibilityGlobals) = postSolution
		SolutionGuid = {D7BC236D-3288-469B-9AA8-0540BB975521}
	EndGlobalSection
EndGlobal
